
Microsoft Visual Studio Solution File, Format Version 12.00
# Visual Studio 2013
VisualStudioVersion = 12.0.30110.0
MinimumVisualStudioVersion = 10.0.40219.1
Project("{2150E333-8FDC-42A3-9474-1A3956D46DE8}") = ".nuget", ".nuget", "{723EB563-A766-4A8F-9CFD-6155394608DE}"
	ProjectSection(SolutionItems) = preProject
		.nuget\NuGet.Config = .nuget\NuGet.Config
		.nuget\NuGet.exe = .nuget\NuGet.exe
		.nuget\NuGet.targets = .nuget\NuGet.targets
	EndProjectSection
EndProject
Project("{FAE04EC0-301F-11D3-BF4B-00C04F79EFBC}") = "MyWebSimulator.Application", "MyWebSimulator.Application\MyWebSimulator.Application.csproj", "{36B5F1D3-3E57-4690-9A96-D4D986E90B37}"
EndProject
Project("{FAE04EC0-301F-11D3-BF4B-00C04F79EFBC}") = "MyWebSimulator", "MyWebSimulator\MyWebSimulator.csproj", "{5491733D-0FD2-45D2-9C5C-3A75810EA073}"
EndProject
Project("{FAE04EC0-301F-11D3-BF4B-00C04F79EFBC}") = "TidyManaged", "Y:\Projects\TidyManaged-master\TidyManaged.csproj", "{D799633D-00EF-437C-B158-315557D930FC}"
EndProject
Project("{8BC9CEB8-8B4A-11D0-8D11-00A0C91BC942}") = "CefSharp", "Y:\Projects\CefSharp-CefSharp3\CefSharp\CefSharp.vcxproj", "{7B495581-2271-4F41-9476-ACB86E8C864F}"
EndProject
Project("{FAE04EC0-301F-11D3-BF4B-00C04F79EFBC}") = "CefSharp.WinForms", "Y:\Projects\CefSharp-CefSharp3\CefSharp.WinForms\CefSharp.WinForms.csproj", "{882505AD-246D-402A-8414-347EFB8E2C8D}"
EndProject
Project("{FAE04EC0-301F-11D3-BF4B-00C04F79EFBC}") = "CefSharp.BrowserSubprocess", "Y:\Projects\CefSharp-CefSharp3\CefSharp.BrowserSubprocess\CefSharp.BrowserSubprocess.csproj", "{23EE5140-2C2C-4B53-A954-10B08DCA6BD6}"
EndProject
Project("{FAE04EC0-301F-11D3-BF4B-00C04F79EFBC}") = "CefSharp.WinForms.Example", "Y:\Projects\CefSharp-CefSharp3\CefSharp.WinForms.Example\CefSharp.WinForms.Example.csproj", "{C043FFF7-5F71-4FFC-989A-E09E18548589}"
EndProject
Project("{FAE04EC0-301F-11D3-BF4B-00C04F79EFBC}") = "CefSharp.Example", "Y:\Projects\CefSharp-CefSharp3\CefSharp.Example\CefSharp.Example.csproj", "{A4394E7B-1155-43A6-989E-8AB72DDDC9E4}"
EndProject
Project("{FAE04EC0-301F-11D3-BF4B-00C04F79EFBC}") = "WebView.Evaluate", "WebView.Evaluate\WebView.Evaluate.csproj", "{166BB61D-83ED-4ECF-93D2-36395A9DEC2D}"
EndProject
Project("{2150E333-8FDC-42A3-9474-1A3956D46DE8}") = "Solution Items", "Solution Items", "{0F2BF90C-06A6-4BD1-A649-FFFEB06C5906}"
EndProject
Project("{FAE04EC0-301F-11D3-BF4B-00C04F79EFBC}") = "MyParser.Forms", "MyParser.Forms\MyParser.Forms.csproj", "{AC201280-19C8-4355-9310-F2D86C0161DA}"
EndProject
Project("{FAE04EC0-301F-11D3-BF4B-00C04F79EFBC}") = "MyParser.UnitTest", "MyParser.UnitTest\MyParser.UnitTest.csproj", "{7A631276-B140-47A5-85E1-6935A5BA398F}"
EndProject
Project("{FAE04EC0-301F-11D3-BF4B-00C04F79EFBC}") = "MyParser", "MyParser\MyParser.csproj", "{9E1DB17A-A1E7-416B-B080-0D78BC926816}"
EndProject
Project("{FAE04EC0-301F-11D3-BF4B-00C04F79EFBC}") = "MyLibrary", "..\MyLibrary\MyLibrary\MyLibrary.csproj", "{E80CF993-5E07-4875-85FE-A2ADCF76558D}"
EndProject
Project("{FAE04EC0-301F-11D3-BF4B-00C04F79EFBC}") = "MyAdvertisement", "MyAdvertisement\MyAdvertisement.csproj", "{71DA31CF-3C25-4E24-B36E-142DB8944118}"
EndProject
Project("{FAE04EC0-301F-11D3-BF4B-00C04F79EFBC}") = "RealtyParser", "..\RealtyParser\RealtyParser\RealtyParser.csproj", "{8AC9F758-9CE0-4203-854E-2B17CDC65C01}"
EndProject
Project("{FAE04EC0-301F-11D3-BF4B-00C04F79EFBC}") = "MyDatabase", "..\MyLibrary\MyDatabase\MyDatabase.csproj", "{E929B421-2C04-4829-B4E1-7426D0A1B5C2}"
EndProject
Global
	GlobalSection(SolutionConfigurationPlatforms) = preSolution
		Debug|Any CPU = Debug|Any CPU
		Debug|Mixed Platforms = Debug|Mixed Platforms
		Debug|Win32 = Debug|Win32
		Debug|x64 = Debug|x64
		Debug|x86 = Debug|x86
		Release|Any CPU = Release|Any CPU
		Release|Mixed Platforms = Release|Mixed Platforms
		Release|Win32 = Release|Win32
		Release|x64 = Release|x64
		Release|x86 = Release|x86
	EndGlobalSection
	GlobalSection(ProjectConfigurationPlatforms) = postSolution
		{36B5F1D3-3E57-4690-9A96-D4D986E90B37}.Debug|Any CPU.ActiveCfg = Debug|Any CPU
		{36B5F1D3-3E57-4690-9A96-D4D986E90B37}.Debug|Any CPU.Build.0 = Debug|Any CPU
		{36B5F1D3-3E57-4690-9A96-D4D986E90B37}.Debug|Mixed Platforms.ActiveCfg = Debug|Any CPU
		{36B5F1D3-3E57-4690-9A96-D4D986E90B37}.Debug|Mixed Platforms.Build.0 = Debug|Any CPU
		{36B5F1D3-3E57-4690-9A96-D4D986E90B37}.Debug|Win32.ActiveCfg = Debug|Any CPU
		{36B5F1D3-3E57-4690-9A96-D4D986E90B37}.Debug|x64.ActiveCfg = Debug|Any CPU
		{36B5F1D3-3E57-4690-9A96-D4D986E90B37}.Debug|x86.ActiveCfg = Debug|x86
		{36B5F1D3-3E57-4690-9A96-D4D986E90B37}.Debug|x86.Build.0 = Debug|x86
		{36B5F1D3-3E57-4690-9A96-D4D986E90B37}.Release|Any CPU.ActiveCfg = Release|Any CPU
		{36B5F1D3-3E57-4690-9A96-D4D986E90B37}.Release|Any CPU.Build.0 = Release|Any CPU
		{36B5F1D3-3E57-4690-9A96-D4D986E90B37}.Release|Mixed Platforms.ActiveCfg = Release|Any CPU
		{36B5F1D3-3E57-4690-9A96-D4D986E90B37}.Release|Mixed Platforms.Build.0 = Release|Any CPU
		{36B5F1D3-3E57-4690-9A96-D4D986E90B37}.Release|Win32.ActiveCfg = Release|x86
		{36B5F1D3-3E57-4690-9A96-D4D986E90B37}.Release|Win32.Build.0 = Release|x86
		{36B5F1D3-3E57-4690-9A96-D4D986E90B37}.Release|x64.ActiveCfg = Release|Any CPU
		{36B5F1D3-3E57-4690-9A96-D4D986E90B37}.Release|x86.ActiveCfg = Release|x86
		{36B5F1D3-3E57-4690-9A96-D4D986E90B37}.Release|x86.Build.0 = Release|x86
		{5491733D-0FD2-45D2-9C5C-3A75810EA073}.Debug|Any CPU.ActiveCfg = Debug|Any CPU
		{5491733D-0FD2-45D2-9C5C-3A75810EA073}.Debug|Any CPU.Build.0 = Debug|Any CPU
		{5491733D-0FD2-45D2-9C5C-3A75810EA073}.Debug|Mixed Platforms.ActiveCfg = Debug|Any CPU
		{5491733D-0FD2-45D2-9C5C-3A75810EA073}.Debug|Mixed Platforms.Build.0 = Debug|Any CPU
		{5491733D-0FD2-45D2-9C5C-3A75810EA073}.Debug|Win32.ActiveCfg = Debug|Any CPU
		{5491733D-0FD2-45D2-9C5C-3A75810EA073}.Debug|x64.ActiveCfg = Debug|Any CPU
		{5491733D-0FD2-45D2-9C5C-3A75810EA073}.Debug|x86.ActiveCfg = Debug|x86
		{5491733D-0FD2-45D2-9C5C-3A75810EA073}.Debug|x86.Build.0 = Debug|x86
		{5491733D-0FD2-45D2-9C5C-3A75810EA073}.Release|Any CPU.ActiveCfg = Release|Any CPU
		{5491733D-0FD2-45D2-9C5C-3A75810EA073}.Release|Any CPU.Build.0 = Release|Any CPU
		{5491733D-0FD2-45D2-9C5C-3A75810EA073}.Release|Mixed Platforms.ActiveCfg = Release|Any CPU
		{5491733D-0FD2-45D2-9C5C-3A75810EA073}.Release|Mixed Platforms.Build.0 = Release|Any CPU
		{5491733D-0FD2-45D2-9C5C-3A75810EA073}.Release|Win32.ActiveCfg = Release|x86
		{5491733D-0FD2-45D2-9C5C-3A75810EA073}.Release|Win32.Build.0 = Release|x86
		{5491733D-0FD2-45D2-9C5C-3A75810EA073}.Release|x64.ActiveCfg = Release|Any CPU
		{5491733D-0FD2-45D2-9C5C-3A75810EA073}.Release|x86.ActiveCfg = Release|x86
		{5491733D-0FD2-45D2-9C5C-3A75810EA073}.Release|x86.Build.0 = Release|x86
		{D799633D-00EF-437C-B158-315557D930FC}.Debug|Any CPU.ActiveCfg = Debug|Any CPU
		{D799633D-00EF-437C-B158-315557D930FC}.Debug|Any CPU.Build.0 = Debug|Any CPU
		{D799633D-00EF-437C-B158-315557D930FC}.Debug|Mixed Platforms.ActiveCfg = Debug|Any CPU
		{D799633D-00EF-437C-B158-315557D930FC}.Debug|Mixed Platforms.Build.0 = Debug|Any CPU
		{D799633D-00EF-437C-B158-315557D930FC}.Debug|Win32.ActiveCfg = Debug|Any CPU
		{D799633D-00EF-437C-B158-315557D930FC}.Debug|x64.ActiveCfg = Debug|Any CPU
		{D799633D-00EF-437C-B158-315557D930FC}.Debug|x86.ActiveCfg = Debug|x86
		{D799633D-00EF-437C-B158-315557D930FC}.Debug|x86.Build.0 = Debug|x86
		{D799633D-00EF-437C-B158-315557D930FC}.Release|Any CPU.ActiveCfg = Release|Any CPU
		{D799633D-00EF-437C-B158-315557D930FC}.Release|Any CPU.Build.0 = Release|Any CPU
		{D799633D-00EF-437C-B158-315557D930FC}.Release|Mixed Platforms.ActiveCfg = Release|Any CPU
		{D799633D-00EF-437C-B158-315557D930FC}.Release|Mixed Platforms.Build.0 = Release|Any CPU
		{D799633D-00EF-437C-B158-315557D930FC}.Release|Win32.ActiveCfg = Release|x86
		{D799633D-00EF-437C-B158-315557D930FC}.Release|Win32.Build.0 = Release|x86
		{D799633D-00EF-437C-B158-315557D930FC}.Release|x64.ActiveCfg = Release|Any CPU
		{D799633D-00EF-437C-B158-315557D930FC}.Release|x86.ActiveCfg = Release|x86
		{D799633D-00EF-437C-B158-315557D930FC}.Release|x86.Build.0 = Release|x86
		{7B495581-2271-4F41-9476-ACB86E8C864F}.Debug|Any CPU.ActiveCfg = Debug|Win32
		{7B495581-2271-4F41-9476-ACB86E8C864F}.Debug|Mixed Platforms.ActiveCfg = Debug|Win32
		{7B495581-2271-4F41-9476-ACB86E8C864F}.Debug|Mixed Platforms.Build.0 = Debug|Win32
		{7B495581-2271-4F41-9476-ACB86E8C864F}.Debug|Win32.ActiveCfg = Debug|Win32
		{7B495581-2271-4F41-9476-ACB86E8C864F}.Debug|Win32.Build.0 = Debug|Win32
		{7B495581-2271-4F41-9476-ACB86E8C864F}.Debug|x64.ActiveCfg = Debug|x64
		{7B495581-2271-4F41-9476-ACB86E8C864F}.Debug|x64.Build.0 = Debug|x64
		{7B495581-2271-4F41-9476-ACB86E8C864F}.Debug|x86.ActiveCfg = Release|Win32
		{7B495581-2271-4F41-9476-ACB86E8C864F}.Debug|x86.Build.0 = Release|Win32
		{7B495581-2271-4F41-9476-ACB86E8C864F}.Release|Any CPU.ActiveCfg = Release|Win32
		{7B495581-2271-4F41-9476-ACB86E8C864F}.Release|Mixed Platforms.ActiveCfg = Release|Win32
		{7B495581-2271-4F41-9476-ACB86E8C864F}.Release|Mixed Platforms.Build.0 = Release|Win32
		{7B495581-2271-4F41-9476-ACB86E8C864F}.Release|Win32.ActiveCfg = Release|Win32
		{7B495581-2271-4F41-9476-ACB86E8C864F}.Release|Win32.Build.0 = Release|Win32
		{7B495581-2271-4F41-9476-ACB86E8C864F}.Release|x64.ActiveCfg = Release|x64
		{7B495581-2271-4F41-9476-ACB86E8C864F}.Release|x64.Build.0 = Release|x64
		{7B495581-2271-4F41-9476-ACB86E8C864F}.Release|x86.ActiveCfg = Release|Win32
		{7B495581-2271-4F41-9476-ACB86E8C864F}.Release|x86.Build.0 = Release|Win32
		{882505AD-246D-402A-8414-347EFB8E2C8D}.Debug|Any CPU.ActiveCfg = Debug|x86
		{882505AD-246D-402A-8414-347EFB8E2C8D}.Debug|Mixed Platforms.ActiveCfg = Debug|x86
		{882505AD-246D-402A-8414-347EFB8E2C8D}.Debug|Mixed Platforms.Build.0 = Debug|x86
		{882505AD-246D-402A-8414-347EFB8E2C8D}.Debug|Win32.ActiveCfg = Debug|x86
		{882505AD-246D-402A-8414-347EFB8E2C8D}.Debug|Win32.Build.0 = Debug|x86
		{882505AD-246D-402A-8414-347EFB8E2C8D}.Debug|x64.ActiveCfg = Debug|x64
		{882505AD-246D-402A-8414-347EFB8E2C8D}.Debug|x64.Build.0 = Debug|x64
		{882505AD-246D-402A-8414-347EFB8E2C8D}.Debug|x86.ActiveCfg = Debug|x86
		{882505AD-246D-402A-8414-347EFB8E2C8D}.Debug|x86.Build.0 = Debug|x86
		{882505AD-246D-402A-8414-347EFB8E2C8D}.Release|Any CPU.ActiveCfg = Release|x86
		{882505AD-246D-402A-8414-347EFB8E2C8D}.Release|Mixed Platforms.ActiveCfg = Release|x86
		{882505AD-246D-402A-8414-347EFB8E2C8D}.Release|Mixed Platforms.Build.0 = Release|x86
		{882505AD-246D-402A-8414-347EFB8E2C8D}.Release|Win32.ActiveCfg = Release|x86
		{882505AD-246D-402A-8414-347EFB8E2C8D}.Release|Win32.Build.0 = Release|x86
		{882505AD-246D-402A-8414-347EFB8E2C8D}.Release|x64.ActiveCfg = Release|x64
		{882505AD-246D-402A-8414-347EFB8E2C8D}.Release|x64.Build.0 = Release|x64
		{882505AD-246D-402A-8414-347EFB8E2C8D}.Release|x86.ActiveCfg = Release|x86
		{882505AD-246D-402A-8414-347EFB8E2C8D}.Release|x86.Build.0 = Release|x86
		{23EE5140-2C2C-4B53-A954-10B08DCA6BD6}.Debug|Any CPU.ActiveCfg = Debug|x86
		{23EE5140-2C2C-4B53-A954-10B08DCA6BD6}.Debug|Mixed Platforms.ActiveCfg = Debug|x86
		{23EE5140-2C2C-4B53-A954-10B08DCA6BD6}.Debug|Mixed Platforms.Build.0 = Debug|x86
		{23EE5140-2C2C-4B53-A954-10B08DCA6BD6}.Debug|Win32.ActiveCfg = Debug|x86
		{23EE5140-2C2C-4B53-A954-10B08DCA6BD6}.Debug|Win32.Build.0 = Debug|x86
		{23EE5140-2C2C-4B53-A954-10B08DCA6BD6}.Debug|x64.ActiveCfg = Debug|x64
		{23EE5140-2C2C-4B53-A954-10B08DCA6BD6}.Debug|x64.Build.0 = Debug|x64
		{23EE5140-2C2C-4B53-A954-10B08DCA6BD6}.Debug|x86.ActiveCfg = Debug|x86
		{23EE5140-2C2C-4B53-A954-10B08DCA6BD6}.Debug|x86.Build.0 = Debug|x86
		{23EE5140-2C2C-4B53-A954-10B08DCA6BD6}.Release|Any CPU.ActiveCfg = Release|x86
		{23EE5140-2C2C-4B53-A954-10B08DCA6BD6}.Release|Mixed Platforms.ActiveCfg = Release|x86
		{23EE5140-2C2C-4B53-A954-10B08DCA6BD6}.Release|Mixed Platforms.Build.0 = Release|x86
		{23EE5140-2C2C-4B53-A954-10B08DCA6BD6}.Release|Win32.ActiveCfg = Release|x86
		{23EE5140-2C2C-4B53-A954-10B08DCA6BD6}.Release|Win32.Build.0 = Release|x86
		{23EE5140-2C2C-4B53-A954-10B08DCA6BD6}.Release|x64.ActiveCfg = Release|x64
		{23EE5140-2C2C-4B53-A954-10B08DCA6BD6}.Release|x64.Build.0 = Release|x64
		{23EE5140-2C2C-4B53-A954-10B08DCA6BD6}.Release|x86.ActiveCfg = Release|x86
		{23EE5140-2C2C-4B53-A954-10B08DCA6BD6}.Release|x86.Build.0 = Release|x86
		{C043FFF7-5F71-4FFC-989A-E09E18548589}.Debug|Any CPU.ActiveCfg = Debug|x86
		{C043FFF7-5F71-4FFC-989A-E09E18548589}.Debug|Mixed Platforms.ActiveCfg = Debug|x86
		{C043FFF7-5F71-4FFC-989A-E09E18548589}.Debug|Mixed Platforms.Build.0 = Debug|x86
		{C043FFF7-5F71-4FFC-989A-E09E18548589}.Debug|Win32.ActiveCfg = Debug|x86
		{C043FFF7-5F71-4FFC-989A-E09E18548589}.Debug|Win32.Build.0 = Debug|x86
		{C043FFF7-5F71-4FFC-989A-E09E18548589}.Debug|x64.ActiveCfg = Debug|x64
		{C043FFF7-5F71-4FFC-989A-E09E18548589}.Debug|x64.Build.0 = Debug|x64
		{C043FFF7-5F71-4FFC-989A-E09E18548589}.Debug|x86.ActiveCfg = Debug|x86
		{C043FFF7-5F71-4FFC-989A-E09E18548589}.Debug|x86.Build.0 = Debug|x86
		{C043FFF7-5F71-4FFC-989A-E09E18548589}.Release|Any CPU.ActiveCfg = Release|x86
		{C043FFF7-5F71-4FFC-989A-E09E18548589}.Release|Mixed Platforms.ActiveCfg = Release|x86
		{C043FFF7-5F71-4FFC-989A-E09E18548589}.Release|Mixed Platforms.Build.0 = Release|x86
		{C043FFF7-5F71-4FFC-989A-E09E18548589}.Release|Win32.ActiveCfg = Release|x86
		{C043FFF7-5F71-4FFC-989A-E09E18548589}.Release|Win32.Build.0 = Release|x86
		{C043FFF7-5F71-4FFC-989A-E09E18548589}.Release|x64.ActiveCfg = Release|x64
		{C043FFF7-5F71-4FFC-989A-E09E18548589}.Release|x64.Build.0 = Release|x64
		{C043FFF7-5F71-4FFC-989A-E09E18548589}.Release|x86.ActiveCfg = Release|x86
		{C043FFF7-5F71-4FFC-989A-E09E18548589}.Release|x86.Build.0 = Release|x86
		{A4394E7B-1155-43A6-989E-8AB72DDDC9E4}.Debug|Any CPU.ActiveCfg = Debug|Any CPU
		{A4394E7B-1155-43A6-989E-8AB72DDDC9E4}.Debug|Any CPU.Build.0 = Debug|Any CPU
		{A4394E7B-1155-43A6-989E-8AB72DDDC9E4}.Debug|Mixed Platforms.ActiveCfg = Debug|x86
		{A4394E7B-1155-43A6-989E-8AB72DDDC9E4}.Debug|Mixed Platforms.Build.0 = Debug|x86
		{A4394E7B-1155-43A6-989E-8AB72DDDC9E4}.Debug|Win32.ActiveCfg = Debug|x86
		{A4394E7B-1155-43A6-989E-8AB72DDDC9E4}.Debug|Win32.Build.0 = Debug|x86
		{A4394E7B-1155-43A6-989E-8AB72DDDC9E4}.Debug|x64.ActiveCfg = Debug|x64
		{A4394E7B-1155-43A6-989E-8AB72DDDC9E4}.Debug|x64.Build.0 = Debug|x64
		{A4394E7B-1155-43A6-989E-8AB72DDDC9E4}.Debug|x86.ActiveCfg = Debug|x86
		{A4394E7B-1155-43A6-989E-8AB72DDDC9E4}.Debug|x86.Build.0 = Debug|x86
		{A4394E7B-1155-43A6-989E-8AB72DDDC9E4}.Release|Any CPU.ActiveCfg = Release|Any CPU
		{A4394E7B-1155-43A6-989E-8AB72DDDC9E4}.Release|Any CPU.Build.0 = Release|Any CPU
		{A4394E7B-1155-43A6-989E-8AB72DDDC9E4}.Release|Mixed Platforms.ActiveCfg = Release|x86
		{A4394E7B-1155-43A6-989E-8AB72DDDC9E4}.Release|Mixed Platforms.Build.0 = Release|x86
		{A4394E7B-1155-43A6-989E-8AB72DDDC9E4}.Release|Win32.ActiveCfg = Release|x86
		{A4394E7B-1155-43A6-989E-8AB72DDDC9E4}.Release|Win32.Build.0 = Release|x86
		{A4394E7B-1155-43A6-989E-8AB72DDDC9E4}.Release|x64.ActiveCfg = Release|x64
		{A4394E7B-1155-43A6-989E-8AB72DDDC9E4}.Release|x64.Build.0 = Release|x64
		{A4394E7B-1155-43A6-989E-8AB72DDDC9E4}.Release|x86.ActiveCfg = Release|x86
		{A4394E7B-1155-43A6-989E-8AB72DDDC9E4}.Release|x86.Build.0 = Release|x86
		{166BB61D-83ED-4ECF-93D2-36395A9DEC2D}.Debug|Any CPU.ActiveCfg = Debug|Any CPU
		{166BB61D-83ED-4ECF-93D2-36395A9DEC2D}.Debug|Any CPU.Build.0 = Debug|Any CPU
		{166BB61D-83ED-4ECF-93D2-36395A9DEC2D}.Debug|Mixed Platforms.ActiveCfg = Debug|Any CPU
		{166BB61D-83ED-4ECF-93D2-36395A9DEC2D}.Debug|Mixed Platforms.Build.0 = Debug|Any CPU
		{166BB61D-83ED-4ECF-93D2-36395A9DEC2D}.Debug|Win32.ActiveCfg = Debug|Any CPU
		{166BB61D-83ED-4ECF-93D2-36395A9DEC2D}.Debug|x64.ActiveCfg = Debug|Any CPU
		{166BB61D-83ED-4ECF-93D2-36395A9DEC2D}.Debug|x86.ActiveCfg = Debug|x86
		{166BB61D-83ED-4ECF-93D2-36395A9DEC2D}.Debug|x86.Build.0 = Debug|x86
		{166BB61D-83ED-4ECF-93D2-36395A9DEC2D}.Release|Any CPU.ActiveCfg = Release|Any CPU
		{166BB61D-83ED-4ECF-93D2-36395A9DEC2D}.Release|Any CPU.Build.0 = Release|Any CPU
		{166BB61D-83ED-4ECF-93D2-36395A9DEC2D}.Release|Mixed Platforms.ActiveCfg = Release|Any CPU
		{166BB61D-83ED-4ECF-93D2-36395A9DEC2D}.Release|Mixed Platforms.Build.0 = Release|Any CPU
		{166BB61D-83ED-4ECF-93D2-36395A9DEC2D}.Release|Win32.ActiveCfg = Release|Any CPU
		{166BB61D-83ED-4ECF-93D2-36395A9DEC2D}.Release|x64.ActiveCfg = Release|Any CPU
		{166BB61D-83ED-4ECF-93D2-36395A9DEC2D}.Release|x86.ActiveCfg = Release|x86
		{166BB61D-83ED-4ECF-93D2-36395A9DEC2D}.Release|x86.Build.0 = Release|x86
		{AC201280-19C8-4355-9310-F2D86C0161DA}.Debug|Any CPU.ActiveCfg = Debug|Any CPU
		{AC201280-19C8-4355-9310-F2D86C0161DA}.Debug|Any CPU.Build.0 = Debug|Any CPU
		{AC201280-19C8-4355-9310-F2D86C0161DA}.Debug|Mixed Platforms.ActiveCfg = Debug|x86
		{AC201280-19C8-4355-9310-F2D86C0161DA}.Debug|Mixed Platforms.Build.0 = Debug|x86
		{AC201280-19C8-4355-9310-F2D86C0161DA}.Debug|Win32.ActiveCfg = Debug|x86
		{AC201280-19C8-4355-9310-F2D86C0161DA}.Debug|Win32.Build.0 = Debug|x86
		{AC201280-19C8-4355-9310-F2D86C0161DA}.Debug|x64.ActiveCfg = Debug|Any CPU
		{AC201280-19C8-4355-9310-F2D86C0161DA}.Debug|x86.ActiveCfg = Debug|x86
		{AC201280-19C8-4355-9310-F2D86C0161DA}.Debug|x86.Build.0 = Debug|x86
		{AC201280-19C8-4355-9310-F2D86C0161DA}.Release|Any CPU.ActiveCfg = Release|Any CPU
		{AC201280-19C8-4355-9310-F2D86C0161DA}.Release|Any CPU.Build.0 = Release|Any CPU
		{AC201280-19C8-4355-9310-F2D86C0161DA}.Release|Mixed Platforms.ActiveCfg = Release|x86
		{AC201280-19C8-4355-9310-F2D86C0161DA}.Release|Mixed Platforms.Build.0 = Release|x86
		{AC201280-19C8-4355-9310-F2D86C0161DA}.Release|Win32.ActiveCfg = Release|x86
		{AC201280-19C8-4355-9310-F2D86C0161DA}.Release|Win32.Build.0 = Release|x86
		{AC201280-19C8-4355-9310-F2D86C0161DA}.Release|x64.ActiveCfg = Release|Any CPU
		{AC201280-19C8-4355-9310-F2D86C0161DA}.Release|x86.ActiveCfg = Release|x86
		{AC201280-19C8-4355-9310-F2D86C0161DA}.Release|x86.Build.0 = Release|x86
		{7A631276-B140-47A5-85E1-6935A5BA398F}.Debug|Any CPU.ActiveCfg = Debug|Any CPU
		{7A631276-B140-47A5-85E1-6935A5BA398F}.Debug|Any CPU.Build.0 = Debug|Any CPU
		{7A631276-B140-47A5-85E1-6935A5BA398F}.Debug|Mixed Platforms.ActiveCfg = Debug|x86
		{7A631276-B140-47A5-85E1-6935A5BA398F}.Debug|Mixed Platforms.Build.0 = Debug|x86
		{7A631276-B140-47A5-85E1-6935A5BA398F}.Debug|Win32.ActiveCfg = Debug|x86
		{7A631276-B140-47A5-85E1-6935A5BA398F}.Debug|Win32.Build.0 = Debug|x86
		{7A631276-B140-47A5-85E1-6935A5BA398F}.Debug|x64.ActiveCfg = Debug|Any CPU
		{7A631276-B140-47A5-85E1-6935A5BA398F}.Debug|x86.ActiveCfg = Debug|x86
		{7A631276-B140-47A5-85E1-6935A5BA398F}.Debug|x86.Build.0 = Debug|x86
		{7A631276-B140-47A5-85E1-6935A5BA398F}.Release|Any CPU.ActiveCfg = Release|Any CPU
		{7A631276-B140-47A5-85E1-6935A5BA398F}.Release|Any CPU.Build.0 = Release|Any CPU
		{7A631276-B140-47A5-85E1-6935A5BA398F}.Release|Mixed Platforms.ActiveCfg = Release|x86
		{7A631276-B140-47A5-85E1-6935A5BA398F}.Release|Mixed Platforms.Build.0 = Release|x86
		{7A631276-B140-47A5-85E1-6935A5BA398F}.Release|Win32.ActiveCfg = Release|x86
		{7A631276-B140-47A5-85E1-6935A5BA398F}.Release|Win32.Build.0 = Release|x86
		{7A631276-B140-47A5-85E1-6935A5BA398F}.Release|x64.ActiveCfg = Release|Any CPU
		{7A631276-B140-47A5-85E1-6935A5BA398F}.Release|x86.ActiveCfg = Release|x86
		{7A631276-B140-47A5-85E1-6935A5BA398F}.Release|x86.Build.0 = Release|x86
		{9E1DB17A-A1E7-416B-B080-0D78BC926816}.Debug|Any CPU.ActiveCfg = Debug|Any CPU
		{9E1DB17A-A1E7-416B-B080-0D78BC926816}.Debug|Any CPU.Build.0 = Debug|Any CPU
		{9E1DB17A-A1E7-416B-B080-0D78BC926816}.Debug|Mixed Platforms.ActiveCfg = Debug|x86
		{9E1DB17A-A1E7-416B-B080-0D78BC926816}.Debug|Mixed Platforms.Build.0 = Debug|x86
		{9E1DB17A-A1E7-416B-B080-0D78BC926816}.Debug|Win32.ActiveCfg = Debug|x86
		{9E1DB17A-A1E7-416B-B080-0D78BC926816}.Debug|Win32.Build.0 = Debug|x86
		{9E1DB17A-A1E7-416B-B080-0D78BC926816}.Debug|x64.ActiveCfg = Debug|Any CPU
		{9E1DB17A-A1E7-416B-B080-0D78BC926816}.Debug|x86.ActiveCfg = Debug|x86
		{9E1DB17A-A1E7-416B-B080-0D78BC926816}.Debug|x86.Build.0 = Debug|x86
		{9E1DB17A-A1E7-416B-B080-0D78BC926816}.Release|Any CPU.ActiveCfg = Release|Any CPU
		{9E1DB17A-A1E7-416B-B080-0D78BC926816}.Release|Any CPU.Build.0 = Release|Any CPU
		{9E1DB17A-A1E7-416B-B080-0D78BC926816}.Release|Mixed Platforms.ActiveCfg = Release|x86
		{9E1DB17A-A1E7-416B-B080-0D78BC926816}.Release|Mixed Platforms.Build.0 = Release|x86
		{9E1DB17A-A1E7-416B-B080-0D78BC926816}.Release|Win32.ActiveCfg = Release|x86
		{9E1DB17A-A1E7-416B-B080-0D78BC926816}.Release|Win32.Build.0 = Release|x86
		{9E1DB17A-A1E7-416B-B080-0D78BC926816}.Release|x64.ActiveCfg = Release|Any CPU
		{9E1DB17A-A1E7-416B-B080-0D78BC926816}.Release|x86.ActiveCfg = Release|x86
		{9E1DB17A-A1E7-416B-B080-0D78BC926816}.Release|x86.Build.0 = Release|x86
		{E80CF993-5E07-4875-85FE-A2ADCF76558D}.Debug|Any CPU.ActiveCfg = Debug|Any CPU
		{E80CF993-5E07-4875-85FE-A2ADCF76558D}.Debug|Any CPU.Build.0 = Debug|Any CPU
		{E80CF993-5E07-4875-85FE-A2ADCF76558D}.Debug|Mixed Platforms.ActiveCfg = Debug|x86
		{E80CF993-5E07-4875-85FE-A2ADCF76558D}.Debug|Mixed Platforms.Build.0 = Debug|x86
		{E80CF993-5E07-4875-85FE-A2ADCF76558D}.Debug|Win32.ActiveCfg = Debug|x86
		{E80CF993-5E07-4875-85FE-A2ADCF76558D}.Debug|Win32.Build.0 = Debug|x86
		{E80CF993-5E07-4875-85FE-A2ADCF76558D}.Debug|x64.ActiveCfg = Debug|Any CPU
		{E80CF993-5E07-4875-85FE-A2ADCF76558D}.Debug|x86.ActiveCfg = Debug|x86
		{E80CF993-5E07-4875-85FE-A2ADCF76558D}.Debug|x86.Build.0 = Debug|x86
		{E80CF993-5E07-4875-85FE-A2ADCF76558D}.Release|Any CPU.ActiveCfg = Release|Any CPU
		{E80CF993-5E07-4875-85FE-A2ADCF76558D}.Release|Any CPU.Build.0 = Release|Any CPU
		{E80CF993-5E07-4875-85FE-A2ADCF76558D}.Release|Mixed Platforms.ActiveCfg = Release|x86
		{E80CF993-5E07-4875-85FE-A2ADCF76558D}.Release|Mixed Platforms.Build.0 = Release|x86
		{E80CF993-5E07-4875-85FE-A2ADCF76558D}.Release|Win32.ActiveCfg = Release|x86
		{E80CF993-5E07-4875-85FE-A2ADCF76558D}.Release|Win32.Build.0 = Release|x86
		{E80CF993-5E07-4875-85FE-A2ADCF76558D}.Release|x64.ActiveCfg = Release|Any CPU
		{E80CF993-5E07-4875-85FE-A2ADCF76558D}.Release|x86.ActiveCfg = Release|x86
		{E80CF993-5E07-4875-85FE-A2ADCF76558D}.Release|x86.Build.0 = Release|x86
		{71DA31CF-3C25-4E24-B36E-142DB8944118}.Debug|Any CPU.ActiveCfg = Debug|Any CPU
		{71DA31CF-3C25-4E24-B36E-142DB8944118}.Debug|Any CPU.Build.0 = Debug|Any CPU
		{71DA31CF-3C25-4E24-B36E-142DB8944118}.Debug|Mixed Platforms.ActiveCfg = Debug|Any CPU
		{71DA31CF-3C25-4E24-B36E-142DB8944118}.Debug|Mixed Platforms.Build.0 = Debug|Any CPU
		{71DA31CF-3C25-4E24-B36E-142DB8944118}.Debug|Win32.ActiveCfg = Debug|Any CPU
		{71DA31CF-3C25-4E24-B36E-142DB8944118}.Debug|x64.ActiveCfg = Debug|Any CPU
		{71DA31CF-3C25-4E24-B36E-142DB8944118}.Debug|x86.ActiveCfg = Debug|Any CPU
		{71DA31CF-3C25-4E24-B36E-142DB8944118}.Release|Any CPU.ActiveCfg = Release|Any CPU
		{71DA31CF-3C25-4E24-B36E-142DB8944118}.Release|Any CPU.Build.0 = Release|Any CPU
		{71DA31CF-3C25-4E24-B36E-142DB8944118}.Release|Mixed Platforms.ActiveCfg = Release|Any CPU
		{71DA31CF-3C25-4E24-B36E-142DB8944118}.Release|Mixed Platforms.Build.0 = Release|Any CPU
		{71DA31CF-3C25-4E24-B36E-142DB8944118}.Release|Win32.ActiveCfg = Release|Any CPU
		{71DA31CF-3C25-4E24-B36E-142DB8944118}.Release|x64.ActiveCfg = Release|Any CPU
		{71DA31CF-3C25-4E24-B36E-142DB8944118}.Release|x86.ActiveCfg = Release|Any CPU
		{8AC9F758-9CE0-4203-854E-2B17CDC65C01}.Debug|Any CPU.ActiveCfg = Debug|Any CPU
		{8AC9F758-9CE0-4203-854E-2B17CDC65C01}.Debug|Any CPU.Build.0 = Debug|Any CPU
		{8AC9F758-9CE0-4203-854E-2B17CDC65C01}.Debug|Mixed Platforms.ActiveCfg = Debug|Any CPU
		{8AC9F758-9CE0-4203-854E-2B17CDC65C01}.Debug|Mixed Platforms.Build.0 = Debug|Any CPU
		{8AC9F758-9CE0-4203-854E-2B17CDC65C01}.Debug|Win32.ActiveCfg = Debug|Any CPU
		{8AC9F758-9CE0-4203-854E-2B17CDC65C01}.Debug|x64.ActiveCfg = Debug|Any CPU
		{8AC9F758-9CE0-4203-854E-2B17CDC65C01}.Debug|x86.ActiveCfg = Debug|Any CPU
		{8AC9F758-9CE0-4203-854E-2B17CDC65C01}.Release|Any CPU.ActiveCfg = Release|Any CPU
		{8AC9F758-9CE0-4203-854E-2B17CDC65C01}.Release|Any CPU.Build.0 = Release|Any CPU
		{8AC9F758-9CE0-4203-854E-2B17CDC65C01}.Release|Mixed Platforms.ActiveCfg = Release|Any CPU
		{8AC9F758-9CE0-4203-854E-2B17CDC65C01}.Release|Mixed Platforms.Build.0 = Release|Any CPU
		{8AC9F758-9CE0-4203-854E-2B17CDC65C01}.Release|Win32.ActiveCfg = Release|Any CPU
		{8AC9F758-9CE0-4203-854E-2B17CDC65C01}.Release|x64.ActiveCfg = Release|Any CPU
		{8AC9F758-9CE0-4203-854E-2B17CDC65C01}.Release|x86.ActiveCfg = Release|Any CPU
		{E929B421-2C04-4829-B4E1-7426D0A1B5C2}.Debug|Any CPU.ActiveCfg = Debug|Any CPU
		{E929B421-2C04-4829-B4E1-7426D0A1B5C2}.Debug|Any CPU.Build.0 = Debug|Any CPU
		{E929B421-2C04-4829-B4E1-7426D0A1B5C2}.Debug|Mixed Platforms.ActiveCfg = Debug|Any CPU
		{E929B421-2C04-4829-B4E1-7426D0A1B5C2}.Debug|Mixed Platforms.Build.0 = Debug|Any CPU
		{E929B421-2C04-4829-B4E1-7426D0A1B5C2}.Debug|Win32.ActiveCfg = Debug|Any CPU
		{E929B421-2C04-4829-B4E1-7426D0A1B5C2}.Debug|x64.ActiveCfg = Debug|Any CPU
		{E929B421-2C04-4829-B4E1-7426D0A1B5C2}.Debug|x86.ActiveCfg = Debug|x86
		{E929B421-2C04-4829-B4E1-7426D0A1B5C2}.Debug|x86.Build.0 = Debug|x86
		{E929B421-2C04-4829-B4E1-7426D0A1B5C2}.Release|Any CPU.ActiveCfg = Release|Any CPU
		{E929B421-2C04-4829-B4E1-7426D0A1B5C2}.Release|Any CPU.Build.0 = Release|Any CPU
		{E929B421-2C04-4829-B4E1-7426D0A1B5C2}.Release|Mixed Platforms.ActiveCfg = Release|Any CPU
		{E929B421-2C04-4829-B4E1-7426D0A1B5C2}.Release|Mixed Platforms.Build.0 = Release|Any CPU
		{E929B421-2C04-4829-B4E1-7426D0A1B5C2}.Release|Win32.ActiveCfg = Release|Any CPU
		{E929B421-2C04-4829-B4E1-7426D0A1B5C2}.Release|x64.ActiveCfg = Release|Any CPU
		{E929B421-2C04-4829-B4E1-7426D0A1B5C2}.Release|x86.ActiveCfg = Release|Any CPU
	EndGlobalSection
	GlobalSection(SolutionProperties) = preSolution
		HideSolutionNode = FALSE
	EndGlobalSection
EndGlobal
